
Microsoft Visual Studio Solution File, Format Version 12.00
# Visual Studio Version 17
VisualStudioVersion = 17.13.35913.81 d17.13
MinimumVisualStudioVersion = 10.0.40219.1
Project("{FAE04EC0-301F-11D3-BF4B-00C04F79EFBC}") = "dash", "dash.csproj", "{59B65466-C548-4FA1-A2C1-4CFC3E6688DE}"
EndProject
Global
	GlobalSection(SolutionConfigurationPlatforms) = preSolution
		Debug|Any CPU = Debug|Any CPU
		Release|Any CPU = Release|Any CPU
	EndGlobalSection
	GlobalSection(ProjectConfigurationPlatforms) = postSolution
		{59B65466-C548-4FA1-A2C1-4CFC3E6688DE}.Debug|Any CPU.ActiveCfg = Debug|Any CPU
		{59B65466-C548-4FA1-A2C1-4CFC3E6688DE}.Debug|Any CPU.Build.0 = Debug|Any CPU
		{59B65466-C548-4FA1-A2C1-4CFC3E6688DE}.Release|Any CPU.ActiveCfg = Release|Any CPU
		{59B65466-C548-4FA1-A2C1-4CFC3E6688DE}.Release|Any CPU.Build.0 = Release|Any CPU
	EndGlobalSection
	GlobalSection(SolutionProperties) = preSolution
		HideSolutionNode = FALSE
	EndGlobalSection
	GlobalSection(ExtensibilityGlobals) = postSolution
		SolutionGuid = {B3B4A46B-0D0C-430B-ACF2-3BB2A36D57F2}
	EndGlobalSection
EndGlobal
